
Microsoft Visual Studio Solution File, Format Version 12.00
# Visual Studio Version 16
VisualStudioVersion = 16.0.31313.79
MinimumVisualStudioVersion = 10.0.40219.1
Project("{FAE04EC0-301F-11D3-BF4B-00C04F79EFBC}") = "SGCGestorCitas", "SGC Gestor de citas\SGCGestorCitas.csproj", "{A8C1DB9D-3ED5-4F5C-BF29-09881AEE3548}"
EndProject
Project("{FAE04EC0-301F-11D3-BF4B-00C04F79EFBC}") = "AccesoDatosDAL", "AccesoDatos(DAL)\AccesoDatosDAL.csproj", "{08D47B17-38F5-451B-873B-C04ADDACF229}"
EndProject
Project("{FAE04EC0-301F-11D3-BF4B-00C04F79EFBC}") = "LogicaNegocioBLL", "LogicaNegocio(BLL)\LogicaNegocioBLL.csproj", "{A7E4CAF0-E0AE-4A4F-9694-82D925798F02}"
EndProject
Project("{FAE04EC0-301F-11D3-BF4B-00C04F79EFBC}") = "Entidades", "Entidades\Entidades.csproj", "{72FCD936-2F8D-4E31-AE24-5A39A46AA971}"
EndProject
Global
	GlobalSection(SolutionConfigurationPlatforms) = preSolution
		Debug|Any CPU = Debug|Any CPU
		Release|Any CPU = Release|Any CPU
	EndGlobalSection
	GlobalSection(ProjectConfigurationPlatforms) = postSolution
		{A8C1DB9D-3ED5-4F5C-BF29-09881AEE3548}.Debug|Any CPU.ActiveCfg = Debug|Any CPU
		{A8C1DB9D-3ED5-4F5C-BF29-09881AEE3548}.Debug|Any CPU.Build.0 = Debug|Any CPU
		{A8C1DB9D-3ED5-4F5C-BF29-09881AEE3548}.Release|Any CPU.ActiveCfg = Release|Any CPU
		{A8C1DB9D-3ED5-4F5C-BF29-09881AEE3548}.Release|Any CPU.Build.0 = Release|Any CPU
		{08D47B17-38F5-451B-873B-C04ADDACF229}.Debug|Any CPU.ActiveCfg = Debug|Any CPU
		{08D47B17-38F5-451B-873B-C04ADDACF229}.Debug|Any CPU.Build.0 = Debug|Any CPU
		{08D47B17-38F5-451B-873B-C04ADDACF229}.Release|Any CPU.ActiveCfg = Release|Any CPU
		{08D47B17-38F5-451B-873B-C04ADDACF229}.Release|Any CPU.Build.0 = Release|Any CPU
		{A7E4CAF0-E0AE-4A4F-9694-82D925798F02}.Debug|Any CPU.ActiveCfg = Debug|Any CPU
		{A7E4CAF0-E0AE-4A4F-9694-82D925798F02}.Debug|Any CPU.Build.0 = Debug|Any CPU
		{A7E4CAF0-E0AE-4A4F-9694-82D925798F02}.Release|Any CPU.ActiveCfg = Release|Any CPU
		{A7E4CAF0-E0AE-4A4F-9694-82D925798F02}.Release|Any CPU.Build.0 = Release|Any CPU
		{72FCD936-2F8D-4E31-AE24-5A39A46AA971}.Debug|Any CPU.ActiveCfg = Debug|Any CPU
		{72FCD936-2F8D-4E31-AE24-5A39A46AA971}.Debug|Any CPU.Build.0 = Debug|Any CPU
		{72FCD936-2F8D-4E31-AE24-5A39A46AA971}.Release|Any CPU.ActiveCfg = Release|Any CPU
		{72FCD936-2F8D-4E31-AE24-5A39A46AA971}.Release|Any CPU.Build.0 = Release|Any CPU
	EndGlobalSection
	GlobalSection(SolutionProperties) = preSolution
		HideSolutionNode = FALSE
	EndGlobalSection
	GlobalSection(ExtensibilityGlobals) = postSolution
		SolutionGuid = {79867880-052B-4E84-A88F-DB25BDF38E99}
	EndGlobalSection
EndGlobal
